
Microsoft Visual Studio Solution File, Format Version 12.00
# Visual Studio 15
VisualStudioVersion = 15.0.27004.2009
MinimumVisualStudioVersion = 10.0.40219.1
Project("{2150E333-8FDC-42A3-9474-1A3956D46DE8}") = "src", "src", "{45154E1B-86A7-4A9C-B97D-88A20DB6E756}"
EndProject
Project("{2150E333-8FDC-42A3-9474-1A3956D46DE8}") = "test", "test", "{240868D7-FDD7-4B09-AA9F-095A6D77BCC6}"
EndProject
Project("{9A19103F-16F7-4668-BE54-9A1E7A4F7556}") = "AuthServer", "src\AuthServer\AuthServer.csproj", "{44C02E22-8C49-4295-A3E2-EAB660A4CCDF}"
EndProject
Project("{9A19103F-16F7-4668-BE54-9A1E7A4F7556}") = "Apis", "src\Apis\Apis.csproj", "{2E9D8E7E-9E6A-4C20-A988-6E19BE05FD02}"
EndProject
Project("{2150E333-8FDC-42A3-9474-1A3956D46DE8}") = "Solution Items", "Solution Items", "{CBFB2211-04B2-4058-A89E-0150D9BD9101}"
	ProjectSection(SolutionItems) = preProject
		.gitignore = .gitignore
		LICENSE.md = LICENSE.md
		README.md = README.md
	EndProjectSection
EndProject
Project("{E24C65DC-7377-472B-9ABA-BC803B73C61A}") = "Website", "src\Website\", "{72E48176-01B4-4EE6-A26B-4BA0611E2EF2}"
	ProjectSection(WebsiteProperties) = preProject
		TargetFrameworkMoniker = ".NETFramework,Version%3Dv4.6.2"
		Debug.AspNetCompiler.VirtualPath = "/localhost_51560"
		Debug.AspNetCompiler.PhysicalPath = "src\Website\"
		Debug.AspNetCompiler.TargetPath = "PrecompiledWeb\localhost_51560\"
		Debug.AspNetCompiler.Updateable = "true"
		Debug.AspNetCompiler.ForceOverwrite = "true"
		Debug.AspNetCompiler.FixedNames = "false"
		Debug.AspNetCompiler.Debug = "True"
		Release.AspNetCompiler.VirtualPath = "/localhost_51560"
		Release.AspNetCompiler.PhysicalPath = "src\Website\"
		Release.AspNetCompiler.TargetPath = "PrecompiledWeb\localhost_51560\"
		Release.AspNetCompiler.Updateable = "true"
		Release.AspNetCompiler.ForceOverwrite = "true"
		Release.AspNetCompiler.FixedNames = "false"
		Release.AspNetCompiler.Debug = "False"
		VWDPort = "51560"
		SlnRelativePath = "src\Website\"
	EndProjectSection
EndProject
Global
	GlobalSection(SolutionConfigurationPlatforms) = preSolution
		Debug|Any CPU = Debug|Any CPU
		Release|Any CPU = Release|Any CPU
	EndGlobalSection
	GlobalSection(ProjectConfigurationPlatforms) = postSolution
		{44C02E22-8C49-4295-A3E2-EAB660A4CCDF}.Debug|Any CPU.ActiveCfg = Debug|Any CPU
		{44C02E22-8C49-4295-A3E2-EAB660A4CCDF}.Debug|Any CPU.Build.0 = Debug|Any CPU
		{44C02E22-8C49-4295-A3E2-EAB660A4CCDF}.Release|Any CPU.ActiveCfg = Release|Any CPU
		{44C02E22-8C49-4295-A3E2-EAB660A4CCDF}.Release|Any CPU.Build.0 = Release|Any CPU
		{2E9D8E7E-9E6A-4C20-A988-6E19BE05FD02}.Debug|Any CPU.ActiveCfg = Debug|Any CPU
		{2E9D8E7E-9E6A-4C20-A988-6E19BE05FD02}.Debug|Any CPU.Build.0 = Debug|Any CPU
		{2E9D8E7E-9E6A-4C20-A988-6E19BE05FD02}.Release|Any CPU.ActiveCfg = Release|Any CPU
		{2E9D8E7E-9E6A-4C20-A988-6E19BE05FD02}.Release|Any CPU.Build.0 = Release|Any CPU
		{72E48176-01B4-4EE6-A26B-4BA0611E2EF2}.Debug|Any CPU.ActiveCfg = Debug|Any CPU
		{72E48176-01B4-4EE6-A26B-4BA0611E2EF2}.Release|Any CPU.ActiveCfg = Debug|Any CPU
	EndGlobalSection
	GlobalSection(SolutionProperties) = preSolution
		HideSolutionNode = FALSE
	EndGlobalSection
	GlobalSection(NestedProjects) = preSolution
		{44C02E22-8C49-4295-A3E2-EAB660A4CCDF} = {45154E1B-86A7-4A9C-B97D-88A20DB6E756}
		{2E9D8E7E-9E6A-4C20-A988-6E19BE05FD02} = {45154E1B-86A7-4A9C-B97D-88A20DB6E756}
		{72E48176-01B4-4EE6-A26B-4BA0611E2EF2} = {45154E1B-86A7-4A9C-B97D-88A20DB6E756}
	EndGlobalSection
	GlobalSection(ExtensibilityGlobals) = postSolution
		SolutionGuid = {3B584C92-1C9C-4A61-8555-FF6290FF8354}
	EndGlobalSection
EndGlobal
