# THIS IS AN AUTOGENERATED FILE. DO NOT EDIT THIS FILE DIRECTLY.
# yarn lockfile v1


babel-polyfill@^6.9.1:
  version "6.26.0"
  resolved "https://registry.yarnpkg.com/babel-polyfill/-/babel-polyfill-6.26.0.tgz#379937abc67d7895970adc621f284cd966cf2153"
  dependencies:
    babel-runtime "^6.26.0"
    core-js "^2.5.0"
    regenerator-runtime "^0.10.5"

babel-runtime@^6.26.0:
  version "6.26.0"
  resolved "https://registry.yarnpkg.com/babel-runtime/-/babel-runtime-6.26.0.tgz#965c7058668e82b55d7bfe04ff2337bc8b5647fe"
  dependencies:
    core-js "^2.4.0"
    regenerator-runtime "^0.11.0"

bootstrap@4.0.0-beta.2:
  version "4.0.0-beta.2"
  resolved "https://registry.yarnpkg.com/bootstrap/-/bootstrap-4.0.0-beta.2.tgz#4d67d2aa2219f062cd90bc1247e6747b9e8fd051"

commander@~2.11.0:
  version "2.11.0"
  resolved "https://registry.yarnpkg.com/commander/-/commander-2.11.0.tgz#157152fd1e7a6c8d98a5b715cf376df928004563"

core-js@^2.4.0, core-js@^2.5.0:
  version "2.5.1"
  resolved "https://registry.yarnpkg.com/core-js/-/core-js-2.5.1.tgz#ae6874dc66937789b80754ff5428df66819ca50b"

jquery@^3.2.1:
  version "3.2.1"
  resolved "https://registry.yarnpkg.com/jquery/-/jquery-3.2.1.tgz#5c4d9de652af6cd0a770154a631bba12b015c787"

jsrsasign@^5.0.7:
  version "5.1.0"
  resolved "https://registry.yarnpkg.com/jsrsasign/-/jsrsasign-5.1.0.tgz#2549d559674f6f8956b12bd7f3b5c066b4e0c6ba"

oidc-client@^1.4.1:
  version "1.4.1"
  resolved "https://registry.yarnpkg.com/oidc-client/-/oidc-client-1.4.1.tgz#29a3456a85f1c48fe382fdd93a77537005f3256e"
  dependencies:
    jsrsasign "^5.0.7"

popper.js@^1.12.3:
  version "1.12.9"
  resolved "https://registry.yarnpkg.com/popper.js/-/popper.js-1.12.9.tgz#0dfbc2dff96c451bb332edcfcfaaf566d331d5b3"

regenerator-runtime@^0.10.5:
  version "0.10.5"
  resolved "https://registry.yarnpkg.com/regenerator-runtime/-/regenerator-runtime-0.10.5.tgz#336c3efc1220adcedda2c9fab67b5a7955a33658"

regenerator-runtime@^0.11.0:
  version "0.11.0"
  resolved "https://registry.yarnpkg.com/regenerator-runtime/-/regenerator-runtime-0.11.0.tgz#7e54fe5b5ccd5d6624ea6255c3473be090b802e1"

source-map@~0.6.1:
  version "0.6.1"
  resolved "https://registry.yarnpkg.com/source-map/-/source-map-0.6.1.tgz#74722af32e9614e9c287a8d0bbde48b5e2f1a263"

uglify-es@^3.1.9:
  version "3.1.9"
  resolved "https://registry.yarnpkg.com/uglify-es/-/uglify-es-3.1.9.tgz#6c82df628ac9eb7af9c61fd70c744a084abe6161"
  dependencies:
    commander "~2.11.0"
    source-map "~0.6.1"
